
Microsoft Visual Studio Solution File, Format Version 12.00
# Visual Studio Version 16
VisualStudioVersion = 16.0.29403.142
MinimumVisualStudioVersion = 10.0.40219.1
Project("{FAE04EC0-301F-11D3-BF4B-00C04F79EFBC}") = "Trendlogg", "Trendlogg.csproj", "{21A7319D-C2E7-43C2-9F10-21CB648DD30C}"
EndProject
Global
	GlobalSection(SolutionConfigurationPlatforms) = preSolution
		Debug|Any CPU = Debug|Any CPU
		Release|Any CPU = Release|Any CPU
	EndGlobalSection
	GlobalSection(ProjectConfigurationPlatforms) = postSolution
		{21A7319D-C2E7-43C2-9F10-21CB648DD30C}.Debug|Any CPU.ActiveCfg = Debug|Any CPU
		{21A7319D-C2E7-43C2-9F10-21CB648DD30C}.Debug|Any CPU.Build.0 = Debug|Any CPU
		{21A7319D-C2E7-43C2-9F10-21CB648DD30C}.Release|Any CPU.ActiveCfg = Release|Any CPU
		{21A7319D-C2E7-43C2-9F10-21CB648DD30C}.Release|Any CPU.Build.0 = Release|Any CPU
	EndGlobalSection
	GlobalSection(SolutionProperties) = preSolution
		HideSolutionNode = FALSE
	EndGlobalSection
	GlobalSection(ExtensibilityGlobals) = postSolution
		SolutionGuid = {15321F11-320B-4D81-A685-213A9FC33916}
	EndGlobalSection
EndGlobal
